# THIS IS AN AUTOGENERATED FILE. DO NOT EDIT THIS FILE DIRECTLY.
# yarn lockfile v1


commander@^2.20.0:
  version "2.20.0"
  resolved "https://registry.yarnpkg.com/commander/-/commander-2.20.0.tgz#d58bb2b5c1ee8f87b0d340027e9e94e222c5a422"
  integrity sha512-7j2y+40w61zy6YC2iRNpUe/NwhNyoXrYpHMrSunaMG64nRnaf96zO/KMQR4OyN/UnE5KLyEBnKHd4aG3rskjpQ==

meeko@^1.7.47:
  version "1.7.47"
  resolved "https://registry.yarnpkg.com/meeko/-/meeko-1.7.47.tgz#c08accea3ff8e5b0cd8435fb8a2e026ac091c942"
  integrity sha512-2Vb24wHmD14MW4oVKkHOCb9AKSFWqgGNN4tNg3ViUkApvT0mP0h4IkXfnJpVHJTyg3AQpzYc6vN6gj2U0d0gKg==
